
Microsoft Visual Studio Solution File, Format Version 12.00
# Visual Studio 2013
VisualStudioVersion = 12.0.31101.0
MinimumVisualStudioVersion = 10.0.40219.1
Project("{FAE04EC0-301F-11D3-BF4B-00C04F79EFBC}") = "Classwork", "Week1\Day4\Classwork\Classwork.csproj", "{3A500173-F275-4535-9B12-920E9B416C03}"
EndProject
Project("{FAE04EC0-301F-11D3-BF4B-00C04F79EFBC}") = "ShoppingCartWithArrayList", "Week1\Day4\ShoppingCartWithArrayList\ShoppingCartWithArrayList.csproj", "{67139D54-9238-46E6-86F3-C0818C8A742F}"
EndProject
Global
	GlobalSection(SolutionConfigurationPlatforms) = preSolution
		Debug|Any CPU = Debug|Any CPU
		Release|Any CPU = Release|Any CPU
	EndGlobalSection
	GlobalSection(ProjectConfigurationPlatforms) = postSolution
		{3A500173-F275-4535-9B12-920E9B416C03}.Debug|Any CPU.ActiveCfg = Debug|Any CPU
		{3A500173-F275-4535-9B12-920E9B416C03}.Debug|Any CPU.Build.0 = Debug|Any CPU
		{3A500173-F275-4535-9B12-920E9B416C03}.Release|Any CPU.ActiveCfg = Release|Any CPU
		{3A500173-F275-4535-9B12-920E9B416C03}.Release|Any CPU.Build.0 = Release|Any CPU
		{67139D54-9238-46E6-86F3-C0818C8A742F}.Debug|Any CPU.ActiveCfg = Debug|Any CPU
		{67139D54-9238-46E6-86F3-C0818C8A742F}.Debug|Any CPU.Build.0 = Debug|Any CPU
		{67139D54-9238-46E6-86F3-C0818C8A742F}.Release|Any CPU.ActiveCfg = Release|Any CPU
		{67139D54-9238-46E6-86F3-C0818C8A742F}.Release|Any CPU.Build.0 = Release|Any CPU
	EndGlobalSection
	GlobalSection(SolutionProperties) = preSolution
		HideSolutionNode = FALSE
	EndGlobalSection
EndGlobal
